// !$*UTF8*$!
{
	archiveVersion = 1;
	classes = {
	};
	objectVersion = 52;
	objects = {

/* Begin PBXBuildFile section */
		4A6B59EA252A6F5A00E9DA63 /* Incorr.swift in Sources */ = {isa = PBXBuildFile; fileRef = 4A6B59E9252A6F5A00E9DA63 /* Incorr.swift */; };
		4A6B59F1252A708C00E9DA63 /* DiagProcess.swift in Sources */ = {isa = PBXBuildFile; fileRef = 4A6B59F0252A708C00E9DA63 /* DiagProcess.swift */; };
		5EB0706F252512E3009AB694 /* SQLite in Frameworks */ = {isa = PBXBuildFile; productRef = 5EB0706E252512E3009AB694 /* SQLite */; };
		760120112523997E00497CD4 /* CategoryView.swift in Sources */ = {isa = PBXBuildFile; fileRef = 760120102523997E00497CD4 /* CategoryView.swift */; };
		76012016252399DC00497CD4 /* Category.swift in Sources */ = {isa = PBXBuildFile; fileRef = 76012015252399DC00497CD4 /* Category.swift */; };
		760B536E2522555F000B129B /* LungLearnerApp.swift in Sources */ = {isa = PBXBuildFile; fileRef = 760B536D2522555F000B129B /* LungLearnerApp.swift */; };
		760B53702522555F000B129B /* NewCase.swift in Sources */ = {isa = PBXBuildFile; fileRef = 760B536F2522555F000B129B /* NewCase.swift */; };
		760B537225225566000B129B /* Assets.xcassets in Resources */ = {isa = PBXBuildFile; fileRef = 760B537125225566000B129B /* Assets.xcassets */; };
		760B537525225566000B129B /* Preview Assets.xcassets in Resources */ = {isa = PBXBuildFile; fileRef = 760B537425225566000B129B /* Preview Assets.xcassets */; };
		76F22C69252424C800FB864F /* Diagnose.swift in Sources */ = {isa = PBXBuildFile; fileRef = 76F22C68252424C700FB864F /* Diagnose.swift */; };
		76F22C6C25242A1300FB864F /* Cause.swift in Sources */ = {isa = PBXBuildFile; fileRef = 76F22C6B25242A1300FB864F /* Cause.swift */; };
		76F22C6F2526B1E500FB864F /* Steps.swift in Sources */ = {isa = PBXBuildFile; fileRef = 76F22C6E2526B1E500FB864F /* Steps.swift */; };
		8C08F114252D51B700D54603 /* CaseDb.sqlite3 in Resources */ = {isa = PBXBuildFile; fileRef = 8C08F113252D51B700D54603 /* CaseDb.sqlite3 */; };
		8CBB8F27252DF5CD00A0C16E /* UserData.swift in Sources */ = {isa = PBXBuildFile; fileRef = 8CBB8F24252DF5CD00A0C16E /* UserData.swift */; };
		8CBB8F28252DF5CD00A0C16E /* CaseDatabaseManager.swift in Sources */ = {isa = PBXBuildFile; fileRef = 8CBB8F25252DF5CD00A0C16E /* CaseDatabaseManager.swift */; };
		8CBB8F29252DF5CD00A0C16E /* CaseData.swift in Sources */ = {isa = PBXBuildFile; fileRef = 8CBB8F26252DF5CD00A0C16E /* CaseData.swift */; };
		C9327389252ABDB9003C2641 /* MainMenu.swift in Sources */ = {isa = PBXBuildFile; fileRef = C9327387252ABDB9003C2641 /* MainMenu.swift */; };
		C932738A252ABDB9003C2641 /* HomeItem.swift in Sources */ = {isa = PBXBuildFile; fileRef = C9327388252ABDB9003C2641 /* HomeItem.swift */; };
/* End PBXBuildFile section */

/* Begin PBXFileReference section */
		4A6B59E9252A6F5A00E9DA63 /* Incorr.swift */ = {isa = PBXFileReference; lastKnownFileType = sourcecode.swift; path = Incorr.swift; sourceTree = "<group>"; };
		4A6B59F0252A708C00E9DA63 /* DiagProcess.swift */ = {isa = PBXFileReference; lastKnownFileType = sourcecode.swift; path = DiagProcess.swift; sourceTree = "<group>"; };
		760120102523997E00497CD4 /* CategoryView.swift */ = {isa = PBXFileReference; lastKnownFileType = sourcecode.swift; path = CategoryView.swift; sourceTree = "<group>"; };
		76012015252399DC00497CD4 /* Category.swift */ = {isa = PBXFileReference; lastKnownFileType = sourcecode.swift; path = Category.swift; sourceTree = "<group>"; };
		760B536A2522555F000B129B /* LungLearner.app */ = {isa = PBXFileReference; explicitFileType = wrapper.application; includeInIndex = 0; path = LungLearner.app; sourceTree = BUILT_PRODUCTS_DIR; };
		760B536D2522555F000B129B /* LungLearnerApp.swift */ = {isa = PBXFileReference; lastKnownFileType = sourcecode.swift; path = LungLearnerApp.swift; sourceTree = "<group>"; };
		760B536F2522555F000B129B /* NewCase.swift */ = {isa = PBXFileReference; lastKnownFileType = sourcecode.swift; path = NewCase.swift; sourceTree = "<group>"; };
		760B537125225566000B129B /* Assets.xcassets */ = {isa = PBXFileReference; lastKnownFileType = folder.assetcatalog; path = Assets.xcassets; sourceTree = "<group>"; };
		760B537425225566000B129B /* Preview Assets.xcassets */ = {isa = PBXFileReference; lastKnownFileType = folder.assetcatalog; path = "Preview Assets.xcassets"; sourceTree = "<group>"; };
		760B537625225566000B129B /* Info.plist */ = {isa = PBXFileReference; lastKnownFileType = text.plist.xml; path = Info.plist; sourceTree = "<group>"; };
		76F22C68252424C700FB864F /* Diagnose.swift */ = {isa = PBXFileReference; lastKnownFileType = sourcecode.swift; path = Diagnose.swift; sourceTree = "<group>"; };
		76F22C6B25242A1300FB864F /* Cause.swift */ = {isa = PBXFileReference; lastKnownFileType = sourcecode.swift; path = Cause.swift; sourceTree = "<group>"; };
		76F22C6E2526B1E500FB864F /* Steps.swift */ = {isa = PBXFileReference; lastKnownFileType = sourcecode.swift; path = Steps.swift; sourceTree = "<group>"; };
		8C08F113252D51B700D54603 /* CaseDb.sqlite3 */ = {isa = PBXFileReference; lastKnownFileType = file; path = CaseDb.sqlite3; sourceTree = "<group>"; };
		8CBB8F24252DF5CD00A0C16E /* UserData.swift */ = {isa = PBXFileReference; fileEncoding = 4; lastKnownFileType = sourcecode.swift; path = UserData.swift; sourceTree = "<group>"; };
		8CBB8F25252DF5CD00A0C16E /* CaseDatabaseManager.swift */ = {isa = PBXFileReference; fileEncoding = 4; lastKnownFileType = sourcecode.swift; path = CaseDatabaseManager.swift; sourceTree = "<group>"; };
		8CBB8F26252DF5CD00A0C16E /* CaseData.swift */ = {isa = PBXFileReference; fileEncoding = 4; lastKnownFileType = sourcecode.swift; path = CaseData.swift; sourceTree = "<group>"; };
		C9327387252ABDB9003C2641 /* MainMenu.swift */ = {isa = PBXFileReference; fileEncoding = 4; lastKnownFileType = sourcecode.swift; name = MainMenu.swift; path = LungLearner/MainMenu.swift; sourceTree = "<group>"; };
		C9327388252ABDB9003C2641 /* HomeItem.swift */ = {isa = PBXFileReference; fileEncoding = 4; lastKnownFileType = sourcecode.swift; name = HomeItem.swift; path = LungLearner/HomeItem.swift; sourceTree = "<group>"; };
/* End PBXFileReference section */

/* Begin PBXFrameworksBuildPhase section */
		760B53672522555F000B129B /* Frameworks */ = {
			isa = PBXFrameworksBuildPhase;
			buildActionMask = 2147483647;
			files = (
				5EB0706F252512E3009AB694 /* SQLite in Frameworks */,
			);
			runOnlyForDeploymentPostprocessing = 0;
		};
/* End PBXFrameworksBuildPhase section */

/* Begin PBXGroup section */
		7601200E2523995800497CD4 /* Views */ = {
			isa = PBXGroup;
			children = (
				760120102523997E00497CD4 /* CategoryView.swift */,
				76F22C68252424C700FB864F /* Diagnose.swift */,
				4A6B59E9252A6F5A00E9DA63 /* Incorr.swift */,
				76F22C6E2526B1E500FB864F /* Steps.swift */,
			);
			path = Views;
			sourceTree = "<group>";
		};
		76012014252399BE00497CD4 /* Models */ = {
			isa = PBXGroup;
			children = (
				76012015252399DC00497CD4 /* Category.swift */,
				76F22C6B25242A1300FB864F /* Cause.swift */,
				4A6B59F0252A708C00E9DA63 /* DiagProcess.swift */,
			);
			path = Models;
			sourceTree = "<group>";
		};
		760B53612522555F000B129B = {
			isa = PBXGroup;
			children = (
				C9327388252ABDB9003C2641 /* HomeItem.swift */,
				C9327387252ABDB9003C2641 /* MainMenu.swift */,
				760B536C2522555F000B129B /* LungLearner */,
				760B536B2522555F000B129B /* Products */,
			);
			sourceTree = "<group>";
		};
		760B536B2522555F000B129B /* Products */ = {
			isa = PBXGroup;
			children = (
				760B536A2522555F000B129B /* LungLearner.app */,
			);
			name = Products;
			sourceTree = "<group>";
		};
		760B536C2522555F000B129B /* LungLearner */ = {
			isa = PBXGroup;
			children = (
				8CBB8F23252DF5CD00A0C16E /* Backend */,
				8C08F116252D545900D54603 /* Database */,
				76012014252399BE00497CD4 /* Models */,
				7601200E2523995800497CD4 /* Views */,
				760B536F2522555F000B129B /* NewCase.swift */,
				760B536D2522555F000B129B /* LungLearnerApp.swift */,
				760B537125225566000B129B /* Assets.xcassets */,
				760B537625225566000B129B /* Info.plist */,
				760B537325225566000B129B /* Preview Content */,
			);
			path = LungLearner;
			sourceTree = "<group>";
		};
		760B537325225566000B129B /* Preview Content */ = {
			isa = PBXGroup;
			children = (
				760B537425225566000B129B /* Preview Assets.xcassets */,
			);
			path = "Preview Content";
			sourceTree = "<group>";
		};
		8C08F116252D545900D54603 /* Database */ = {
			isa = PBXGroup;
			children = (
				8C08F113252D51B700D54603 /* CaseDb.sqlite3 */,
			);
			path = Database;
			sourceTree = "<group>";
		};
		8CBB8F23252DF5CD00A0C16E /* Backend */ = {
			isa = PBXGroup;
			children = (
				8CBB8F24252DF5CD00A0C16E /* UserData.swift */,
				8CBB8F25252DF5CD00A0C16E /* CaseDatabaseManager.swift */,
				8CBB8F26252DF5CD00A0C16E /* CaseData.swift */,
			);
			path = Backend;
			sourceTree = "<group>";
		};
/* End PBXGroup section */

/* Begin PBXNativeTarget section */
		760B53692522555F000B129B /* LungLearner */ = {
			isa = PBXNativeTarget;
			buildConfigurationList = 760B537925225566000B129B /* Build configuration list for PBXNativeTarget "LungLearner" */;
			buildPhases = (
				760B53662522555F000B129B /* Sources */,
				760B53672522555F000B129B /* Frameworks */,
				760B53682522555F000B129B /* Resources */,
			);
			buildRules = (
			);
			dependencies = (
			);
			name = LungLearner;
			packageProductDependencies = (
				5EB0706E252512E3009AB694 /* SQLite */,
			);
			productName = LungLearner;
			productReference = 760B536A2522555F000B129B /* LungLearner.app */;
			productType = "com.apple.product-type.application";
		};
/* End PBXNativeTarget section */

/* Begin PBXProject section */
		760B53622522555F000B129B /* Project object */ = {
			isa = PBXProject;
			attributes = {
				LastSwiftUpdateCheck = 1200;
				LastUpgradeCheck = 1200;
				TargetAttributes = {
					760B53692522555F000B129B = {
						CreatedOnToolsVersion = 12.0;
					};
				};
			};
			buildConfigurationList = 760B53652522555F000B129B /* Build configuration list for PBXProject "LungLearner" */;
			compatibilityVersion = "Xcode 9.3";
			developmentRegion = en;
			hasScannedForEncodings = 0;
			knownRegions = (
				en,
				Base,
			);
			mainGroup = 760B53612522555F000B129B;
			packageReferences = (
				5EB0706D252512E3009AB694 /* XCRemoteSwiftPackageReference "SQLite" */,
			);
			productRefGroup = 760B536B2522555F000B129B /* Products */;
			projectDirPath = "";
			projectRoot = "";
			targets = (
				760B53692522555F000B129B /* LungLearner */,
			);
		};
/* End PBXProject section */

/* Begin PBXResourcesBuildPhase section */
		760B53682522555F000B129B /* Resources */ = {
			isa = PBXResourcesBuildPhase;
			buildActionMask = 2147483647;
			files = (
				760B537525225566000B129B /* Preview Assets.xcassets in Resources */,
				8C08F114252D51B700D54603 /* CaseDb.sqlite3 in Resources */,
				760B537225225566000B129B /* Assets.xcassets in Resources */,
			);
			runOnlyForDeploymentPostprocessing = 0;
		};
/* End PBXResourcesBuildPhase section */

/* Begin PBXSourcesBuildPhase section */
		760B53662522555F000B129B /* Sources */ = {
			isa = PBXSourcesBuildPhase;
			buildActionMask = 2147483647;
			files = (
				8CBB8F28252DF5CD00A0C16E /* CaseDatabaseManager.swift in Sources */,
				8CBB8F29252DF5CD00A0C16E /* CaseData.swift in Sources */,
				C9327389252ABDB9003C2641 /* MainMenu.swift in Sources */,
				C932738A252ABDB9003C2641 /* HomeItem.swift in Sources */,
				8CBB8F27252DF5CD00A0C16E /* UserData.swift in Sources */,
				4A6B59F1252A708C00E9DA63 /* DiagProcess.swift in Sources */,
				760B53702522555F000B129B /* NewCase.swift in Sources */,
				76F22C69252424C800FB864F /* Diagnose.swift in Sources */,
				76012016252399DC00497CD4 /* Category.swift in Sources */,
				760B536E2522555F000B129B /* LungLearnerApp.swift in Sources */,
				760120112523997E00497CD4 /* CategoryView.swift in Sources */,
				76F22C6F2526B1E500FB864F /* Steps.swift in Sources */,
				4A6B59EA252A6F5A00E9DA63 /* Incorr.swift in Sources */,
				76F22C6C25242A1300FB864F /* Cause.swift in Sources */,
			);
			runOnlyForDeploymentPostprocessing = 0;
		};
/* End PBXSourcesBuildPhase section */

/* Begin XCBuildConfiguration section */
		760B537725225566000B129B /* Debug */ = {
			isa = XCBuildConfiguration;
			buildSettings = {
				ALWAYS_SEARCH_USER_PATHS = NO;
				CLANG_ANALYZER_NONNULL = YES;
				CLANG_ANALYZER_NUMBER_OBJECT_CONVERSION = YES_AGGRESSIVE;
				CLANG_CXX_LANGUAGE_STANDARD = "gnu++14";
				CLANG_CXX_LIBRARY = "libc++";
				CLANG_ENABLE_MODULES = YES;
				CLANG_ENABLE_OBJC_ARC = YES;
				CLANG_ENABLE_OBJC_WEAK = YES;
				CLANG_WARN_BLOCK_CAPTURE_AUTORELEASING = YES;
				CLANG_WARN_BOOL_CONVERSION = YES;
				CLANG_WARN_COMMA = YES;
				CLANG_WARN_CONSTANT_CONVERSION = YES;
				CLANG_WARN_DEPRECATED_OBJC_IMPLEMENTATIONS = YES;
				CLANG_WARN_DIRECT_OBJC_ISA_USAGE = YES_ERROR;
				CLANG_WARN_DOCUMENTATION_COMMENTS = YES;
				CLANG_WARN_EMPTY_BODY = YES;
				CLANG_WARN_ENUM_CONVERSION = YES;
				CLANG_WARN_INFINITE_RECURSION = YES;
				CLANG_WARN_INT_CONVERSION = YES;
				CLANG_WARN_NON_LITERAL_NULL_CONVERSION = YES;
				CLANG_WARN_OBJC_IMPLICIT_RETAIN_SELF = YES;
				CLANG_WARN_OBJC_LITERAL_CONVERSION = YES;
				CLANG_WARN_OBJC_ROOT_CLASS = YES_ERROR;
				CLANG_WARN_QUOTED_INCLUDE_IN_FRAMEWORK_HEADER = YES;
				CLANG_WARN_RANGE_LOOP_ANALYSIS = YES;
				CLANG_WARN_STRICT_PROTOTYPES = YES;
				CLANG_WARN_SUSPICIOUS_MOVE = YES;
				CLANG_WARN_UNGUARDED_AVAILABILITY = YES_AGGRESSIVE;
				CLANG_WARN_UNREACHABLE_CODE = YES;
				CLANG_WARN__DUPLICATE_METHOD_MATCH = YES;
				COPY_PHASE_STRIP = NO;
				DEBUG_INFORMATION_FORMAT = dwarf;
				ENABLE_STRICT_OBJC_MSGSEND = YES;
				ENABLE_TESTABILITY = YES;
				GCC_C_LANGUAGE_STANDARD = gnu11;
				GCC_DYNAMIC_NO_PIC = NO;
				GCC_NO_COMMON_BLOCKS = YES;
				GCC_OPTIMIZATION_LEVEL = 0;
				GCC_PREPROCESSOR_DEFINITIONS = (
					"DEBUG=1",
					"$(inherited)",
				);
				GCC_WARN_64_TO_32_BIT_CONVERSION = YES;
				GCC_WARN_ABOUT_RETURN_TYPE = YES_ERROR;
				GCC_WARN_UNDECLARED_SELECTOR = YES;
				GCC_WARN_UNINITIALIZED_AUTOS = YES_AGGRESSIVE;
				GCC_WARN_UNUSED_FUNCTION = YES;
				GCC_WARN_UNUSED_VARIABLE = YES;
				IPHONEOS_DEPLOYMENT_TARGET = 14.0;
				MTL_ENABLE_DEBUG_INFO = INCLUDE_SOURCE;
				MTL_FAST_MATH = YES;
				ONLY_ACTIVE_ARCH = YES;
				SDKROOT = iphoneos;
				SWIFT_ACTIVE_COMPILATION_CONDITIONS = DEBUG;
				SWIFT_OPTIMIZATION_LEVEL = "-Onone";
			};
			name = Debug;
		};
		760B537825225566000B129B /* Release */ = {
			isa = XCBuildConfiguration;
			buildSettings = {
				ALWAYS_SEARCH_USER_PATHS = NO;
				CLANG_ANALYZER_NONNULL = YES;
				CLANG_ANALYZER_NUMBER_OBJECT_CONVERSION = YES_AGGRESSIVE;
				CLANG_CXX_LANGUAGE_STANDARD = "gnu++14";
				CLANG_CXX_LIBRARY = "libc++";
				CLANG_ENABLE_MODULES = YES;
				CLANG_ENABLE_OBJC_ARC = YES;
				CLANG_ENABLE_OBJC_WEAK = YES;
				CLANG_WARN_BLOCK_CAPTURE_AUTORELEASING = YES;
				CLANG_WARN_BOOL_CONVERSION = YES;
				CLANG_WARN_COMMA = YES;
				CLANG_WARN_CONSTANT_CONVERSION = YES;
				CLANG_WARN_DEPRECATED_OBJC_IMPLEMENTATIONS = YES;
				CLANG_WARN_DIRECT_OBJC_ISA_USAGE = YES_ERROR;
				CLANG_WARN_DOCUMENTATION_COMMENTS = YES;
				CLANG_WARN_EMPTY_BODY = YES;
				CLANG_WARN_ENUM_CONVERSION = YES;
				CLANG_WARN_INFINITE_RECURSION = YES;
				CLANG_WARN_INT_CONVERSION = YES;
				CLANG_WARN_NON_LITERAL_NULL_CONVERSION = YES;
				CLANG_WARN_OBJC_IMPLICIT_RETAIN_SELF = YES;
				CLANG_WARN_OBJC_LITERAL_CONVERSION = YES;
				CLANG_WARN_OBJC_ROOT_CLASS = YES_ERROR;
				CLANG_WARN_QUOTED_INCLUDE_IN_FRAMEWORK_HEADER = YES;
				CLANG_WARN_RANGE_LOOP_ANALYSIS = YES;
				CLANG_WARN_STRICT_PROTOTYPES = YES;
				CLANG_WARN_SUSPICIOUS_MOVE = YES;
				CLANG_WARN_UNGUARDED_AVAILABILITY = YES_AGGRESSIVE;
				CLANG_WARN_UNREACHABLE_CODE = YES;
				CLANG_WARN__DUPLICATE_METHOD_MATCH = YES;
				COPY_PHASE_STRIP = NO;
				DEBUG_INFORMATION_FORMAT = "dwarf-with-dsym";
				ENABLE_NS_ASSERTIONS = NO;
				ENABLE_STRICT_OBJC_MSGSEND = YES;
				GCC_C_LANGUAGE_STANDARD = gnu11;
				GCC_NO_COMMON_BLOCKS = YES;
				GCC_WARN_64_TO_32_BIT_CONVERSION = YES;
				GCC_WARN_ABOUT_RETURN_TYPE = YES_ERROR;
				GCC_WARN_UNDECLARED_SELECTOR = YES;
				GCC_WARN_UNINITIALIZED_AUTOS = YES_AGGRESSIVE;
				GCC_WARN_UNUSED_FUNCTION = YES;
				GCC_WARN_UNUSED_VARIABLE = YES;
				IPHONEOS_DEPLOYMENT_TARGET = 14.0;
				MTL_ENABLE_DEBUG_INFO = NO;
				MTL_FAST_MATH = YES;
				SDKROOT = iphoneos;
				SWIFT_COMPILATION_MODE = wholemodule;
				SWIFT_OPTIMIZATION_LEVEL = "-O";
				VALIDATE_PRODUCT = YES;
			};
			name = Release;
		};
		760B537A25225566000B129B /* Debug */ = {
			isa = XCBuildConfiguration;
			buildSettings = {
				ASSETCATALOG_COMPILER_APPICON_NAME = AppIcon;
				ASSETCATALOG_COMPILER_GLOBAL_ACCENT_COLOR_NAME = AccentColor;
				CODE_SIGN_STYLE = Automatic;
				DEVELOPMENT_ASSET_PATHS = "\"LungLearner/Preview Content\"";
				DEVELOPMENT_TEAM = FEV7A2X38B;
				ENABLE_PREVIEWS = YES;
				INFOPLIST_FILE = LungLearner/Info.plist;
				IPHONEOS_DEPLOYMENT_TARGET = 14.0;
				LD_RUNPATH_SEARCH_PATHS = (
					"$(inherited)",
					"@executable_path/Frameworks",
				);
				PRODUCT_BUNDLE_IDENTIFIER = audladd.LungLearner;
				PRODUCT_NAME = "$(TARGET_NAME)";
				SWIFT_VERSION = 5.0;
				TARGETED_DEVICE_FAMILY = "1,2";
			};
			name = Debug;
		};
		760B537B25225566000B129B /* Release */ = {
			isa = XCBuildConfiguration;
			buildSettings = {
				ASSETCATALOG_COMPILER_APPICON_NAME = AppIcon;
				ASSETCATALOG_COMPILER_GLOBAL_ACCENT_COLOR_NAME = AccentColor;
				CODE_SIGN_STYLE = Automatic;
				DEVELOPMENT_ASSET_PATHS = "\"LungLearner/Preview Content\"";
				DEVELOPMENT_TEAM = FEV7A2X38B;
				ENABLE_PREVIEWS = YES;
				INFOPLIST_FILE = LungLearner/Info.plist;
				IPHONEOS_DEPLOYMENT_TARGET = 14.0;
				LD_RUNPATH_SEARCH_PATHS = (
					"$(inherited)",
					"@executable_path/Frameworks",
				);
				PRODUCT_BUNDLE_IDENTIFIER = audladd.LungLearner;
				PRODUCT_NAME = "$(TARGET_NAME)";
				SWIFT_VERSION = 5.0;
				TARGETED_DEVICE_FAMILY = "1,2";
			};
			name = Release;
		};
/* End XCBuildConfiguration section */

/* Begin XCConfigurationList section */
		760B53652522555F000B129B /* Build configuration list for PBXProject "LungLearner" */ = {
			isa = XCConfigurationList;
			buildConfigurations = (
				760B537725225566000B129B /* Debug */,
				760B537825225566000B129B /* Release */,
			);
			defaultConfigurationIsVisible = 0;
			defaultConfigurationName = Release;
		};
		760B537925225566000B129B /* Build configuration list for PBXNativeTarget "LungLearner" */ = {
			isa = XCConfigurationList;
			buildConfigurations = (
				760B537A25225566000B129B /* Debug */,
				760B537B25225566000B129B /* Release */,
			);
			defaultConfigurationIsVisible = 0;
			defaultConfigurationName = Release;
		};
/* End XCConfigurationList section */

/* Begin XCRemoteSwiftPackageReference section */
		5EB0706D252512E3009AB694 /* XCRemoteSwiftPackageReference "SQLite" */ = {
			isa = XCRemoteSwiftPackageReference;
			repositoryURL = "https://github.com/stephencelis/SQLite.swift";
			requirement = {
				kind = upToNextMajorVersion;
				minimumVersion = 0.12.2;
			};
		};
/* End XCRemoteSwiftPackageReference section */

/* Begin XCSwiftPackageProductDependency section */
		5EB0706E252512E3009AB694 /* SQLite */ = {
			isa = XCSwiftPackageProductDependency;
			package = 5EB0706D252512E3009AB694 /* XCRemoteSwiftPackageReference "SQLite" */;
			productName = SQLite;
		};
/* End XCSwiftPackageProductDependency section */
	};
	rootObject = 760B53622522555F000B129B /* Project object */;
}
